{
  "name": "@hew-lang/playground-sandbox",
  "version": "0.2.0",
  "lockfileVersion": 3,
  "requires": true,
  "packages": {
    "": {
      "name": "@hew-lang/playground-sandbox",
      "version": "0.2.0",
      "license": "MIT",
      "dependencies": {
        "@hew-lang/sandbox-vm": "0.5.0",
        "@hew-lang/sandbox-wasm": "0.5.0"
      },
      "devDependencies": {
        "@types/node": "^22.15.29",
        "typescript": "^5.6.3"
      }
    },
    "node_modules/@hew-lang/sandbox-vm": {
      "version": "0.5.0",
      "resolved": "https://npm.pkg.github.com/download/@hew-lang/sandbox-vm/0.5.0/09373051fab73a6e66dc033724c042c9630326ca",
      "integrity": "sha512-k4M2u8bgIXPA6UJ8dOFG8OsClFZJjlK9dOzH4a8JmDGIF+kDoD0iK1chMHYQbj5liFYpUknigcUc0VpRUMU2RA==",
      "license": "MIT OR Apache-2.0"
    },
    "node_modules/@hew-lang/sandbox-wasm": {
      "version": "0.5.0",
      "resolved": "https://npm.pkg.github.com/download/@hew-lang/sandbox-wasm/0.5.0/02957f173ee92c500853c838783e0d0d843ed6e1",
      "integrity": "sha512-2BTM82sHqlFmNGuDHPvqLsibagSmcLs/zdELpxV5QvHKFqjfxeOFY7jG2zBCfdGQCTlqjE74U/poh0sxg9759A==",
      "license": "MIT OR Apache-2.0"
    },
    "node_modules/@types/node": {
      "version": "22.19.21",
      "resolved": "https://registry.npmjs.org/@types/node/-/node-22.19.21.tgz",
      "integrity": "sha512-VMeFBSCKQKmm2swI2kW51SFusDqekC6q9trBCvJ/JliDchFSuoYYKN7yVNjPthP1HKZcx3U1gI/wTcEBjEFKTA==",
      "dev": true,
      "license": "MIT",
      "dependencies": {
        "undici-types": "~6.21.0"
      }
    },
    "node_modules/typescript": {
      "version": "5.9.3",
      "resolved": "https://registry.npmjs.org/typescript/-/typescript-5.9.3.tgz",
      "integrity": "sha512-jl1vZzPDinLr9eUt3J/t7V6FgNEw9QjvBPdysz9KfQDD41fQrC2Y4vKQdiaUpFT4bXlb1RHhLpp8wtm6M5TgSw==",
      "dev": true,
      "license": "Apache-2.0",
      "bin": {
        "tsc": "bin/tsc",
        "tsserver": "bin/tsserver"
      },
      "engines": {
        "node": ">=14.17"
      }
    },
    "node_modules/undici-types": {
      "version": "6.21.0",
      "resolved": "https://registry.npmjs.org/undici-types/-/undici-types-6.21.0.tgz",
      "integrity": "sha512-iwDZqg0QAGrg9Rav5H4n0M64c3mkR59cJ6wQp+7C4nI0gsmExaedaYLNO44eT4AtBBwjbTiGPMlt2Md0T9H9JQ==",
      "dev": true,
      "license": "MIT"
    }
  }
}
